
Microsoft Visual Studio Solution File, Format Version 12.00
# Visual Studio Version 17
VisualStudioVersion = 17.4.33205.214
MinimumVisualStudioVersion = 10.0.40219.1
Project("{9A19103F-16F7-4668-BE54-9A1E7A4F7556}") = "AudioBookMan.Core", "AudioBookMan.Core\AudioBookMan.Core.csproj", "{3C1CDEA4-FCFA-4644-ABE1-3B08B39B4B99}"
EndProject
Project("{9A19103F-16F7-4668-BE54-9A1E7A4F7556}") = "tone", "tone\tone\tone.csproj", "{3236FDA6-5C14-4B3A-9276-E427EB9C3626}"
EndProject
Project("{54A90642-561A-4BB1-A94E-469ADEE60C69}") = "audiobookman.portal", "AudioBookMan.Portal\audiobookman.portal.esproj", "{95E82246-0B8F-4147-9B2F-FF1DE7978C3D}"
EndProject
Global
	GlobalSection(SolutionConfigurationPlatforms) = preSolution
		Debug|Any CPU = Debug|Any CPU
		Release|Any CPU = Release|Any CPU
	EndGlobalSection
	GlobalSection(ProjectConfigurationPlatforms) = postSolution
		{3C1CDEA4-FCFA-4644-ABE1-3B08B39B4B99}.Debug|Any CPU.ActiveCfg = Debug|Any CPU
		{3C1CDEA4-FCFA-4644-ABE1-3B08B39B4B99}.Debug|Any CPU.Build.0 = Debug|Any CPU
		{3C1CDEA4-FCFA-4644-ABE1-3B08B39B4B99}.Release|Any CPU.ActiveCfg = Release|Any CPU
		{3C1CDEA4-FCFA-4644-ABE1-3B08B39B4B99}.Release|Any CPU.Build.0 = Release|Any CPU
		{3236FDA6-5C14-4B3A-9276-E427EB9C3626}.Debug|Any CPU.ActiveCfg = Debug|Any CPU
		{3236FDA6-5C14-4B3A-9276-E427EB9C3626}.Debug|Any CPU.Build.0 = Debug|Any CPU
		{3236FDA6-5C14-4B3A-9276-E427EB9C3626}.Release|Any CPU.ActiveCfg = Release|Any CPU
		{3236FDA6-5C14-4B3A-9276-E427EB9C3626}.Release|Any CPU.Build.0 = Release|Any CPU
		{95E82246-0B8F-4147-9B2F-FF1DE7978C3D}.Debug|Any CPU.ActiveCfg = Debug|Any CPU
		{95E82246-0B8F-4147-9B2F-FF1DE7978C3D}.Debug|Any CPU.Build.0 = Debug|Any CPU
		{95E82246-0B8F-4147-9B2F-FF1DE7978C3D}.Debug|Any CPU.Deploy.0 = Debug|Any CPU
		{95E82246-0B8F-4147-9B2F-FF1DE7978C3D}.Release|Any CPU.ActiveCfg = Release|Any CPU
		{95E82246-0B8F-4147-9B2F-FF1DE7978C3D}.Release|Any CPU.Build.0 = Release|Any CPU
		{95E82246-0B8F-4147-9B2F-FF1DE7978C3D}.Release|Any CPU.Deploy.0 = Release|Any CPU
	EndGlobalSection
	GlobalSection(SolutionProperties) = preSolution
		HideSolutionNode = FALSE
	EndGlobalSection
	GlobalSection(ExtensibilityGlobals) = postSolution
		SolutionGuid = {4A1ADC47-BD8B-4914-8BB9-8C07DE59BF0D}
	EndGlobalSection
EndGlobal
